
Microsoft Visual Studio Solution File, Format Version 12.00
# Visual Studio 15
VisualStudioVersion = 15.0.27130.2020
MinimumVisualStudioVersion = 10.0.40219.1
Project("{FAE04EC0-301F-11D3-BF4B-00C04F79EFBC}") = "TeamMarvel", "TeamMarvel\TeamMarvel.csproj", "{DAF51275-F725-4452-A7EC-71739C6A5DDA}"
EndProject
Global
	GlobalSection(SolutionConfigurationPlatforms) = preSolution
		Debug|Any CPU = Debug|Any CPU
		Release|Any CPU = Release|Any CPU
	EndGlobalSection
	GlobalSection(ProjectConfigurationPlatforms) = postSolution
		{DAF51275-F725-4452-A7EC-71739C6A5DDA}.Debug|Any CPU.ActiveCfg = Debug|Any CPU
		{DAF51275-F725-4452-A7EC-71739C6A5DDA}.Debug|Any CPU.Build.0 = Debug|Any CPU
		{DAF51275-F725-4452-A7EC-71739C6A5DDA}.Release|Any CPU.ActiveCfg = Release|Any CPU
		{DAF51275-F725-4452-A7EC-71739C6A5DDA}.Release|Any CPU.Build.0 = Release|Any CPU
	EndGlobalSection
	GlobalSection(SolutionProperties) = preSolution
		HideSolutionNode = FALSE
	EndGlobalSection
	GlobalSection(ExtensibilityGlobals) = postSolution
		SolutionGuid = {6BF21E88-01C7-4205-BC67-D266F24E0EBB}
	EndGlobalSection
EndGlobal
